
Microsoft Visual Studio Solution File, Format Version 12.00
# Visual Studio Version 17
VisualStudioVersion = 17.14.36603.0 d17.14
MinimumVisualStudioVersion = 10.0.40219.1
Project("{FAE04EC0-301F-11D3-BF4B-00C04F79EFBC}") = "Presentation", "Dobbelsteen\Presentation.csproj", "{05C7DC8F-2DEE-4E20-8C28-9B56AC9FE58C}"
EndProject
Project("{FAE04EC0-301F-11D3-BF4B-00C04F79EFBC}") = "Business", "Business\Business.csproj", "{B44CDFCC-6AB0-4BCC-9625-7A2C3C060B71}"
EndProject
Global
	GlobalSection(SolutionConfigurationPlatforms) = preSolution
		Debug|Any CPU = Debug|Any CPU
		Release|Any CPU = Release|Any CPU
	EndGlobalSection
	GlobalSection(ProjectConfigurationPlatforms) = postSolution
		{05C7DC8F-2DEE-4E20-8C28-9B56AC9FE58C}.Debug|Any CPU.ActiveCfg = Debug|Any CPU
		{05C7DC8F-2DEE-4E20-8C28-9B56AC9FE58C}.Debug|Any CPU.Build.0 = Debug|Any CPU
		{05C7DC8F-2DEE-4E20-8C28-9B56AC9FE58C}.Release|Any CPU.ActiveCfg = Release|Any CPU
		{05C7DC8F-2DEE-4E20-8C28-9B56AC9FE58C}.Release|Any CPU.Build.0 = Release|Any CPU
		{B44CDFCC-6AB0-4BCC-9625-7A2C3C060B71}.Debug|Any CPU.ActiveCfg = Debug|Any CPU
		{B44CDFCC-6AB0-4BCC-9625-7A2C3C060B71}.Debug|Any CPU.Build.0 = Debug|Any CPU
		{B44CDFCC-6AB0-4BCC-9625-7A2C3C060B71}.Release|Any CPU.ActiveCfg = Release|Any CPU
		{B44CDFCC-6AB0-4BCC-9625-7A2C3C060B71}.Release|Any CPU.Build.0 = Release|Any CPU
	EndGlobalSection
	GlobalSection(SolutionProperties) = preSolution
		HideSolutionNode = FALSE
	EndGlobalSection
	GlobalSection(ExtensibilityGlobals) = postSolution
		SolutionGuid = {1CEA64E9-B367-4FBA-AB93-B87796D65820}
	EndGlobalSection
EndGlobal
