
Microsoft Visual Studio Solution File, Format Version 12.00
# Visual Studio Version 17
VisualStudioVersion = 17.14.36603.0 d17.14
MinimumVisualStudioVersion = 10.0.40219.1
Project("{F184B08F-C81C-45F6-A57F-5ABD9991F28F}") = "oefening 2", "oefening 2\oefening 2.vbproj", "{D0AD2528-A514-47CA-9138-D4D5C7E146A6}"
EndProject
Global
	GlobalSection(SolutionConfigurationPlatforms) = preSolution
		Debug|Any CPU = Debug|Any CPU
		Release|Any CPU = Release|Any CPU
	EndGlobalSection
	GlobalSection(ProjectConfigurationPlatforms) = postSolution
		{D0AD2528-A514-47CA-9138-D4D5C7E146A6}.Debug|Any CPU.ActiveCfg = Debug|Any CPU
		{D0AD2528-A514-47CA-9138-D4D5C7E146A6}.Debug|Any CPU.Build.0 = Debug|Any CPU
		{D0AD2528-A514-47CA-9138-D4D5C7E146A6}.Release|Any CPU.ActiveCfg = Release|Any CPU
		{D0AD2528-A514-47CA-9138-D4D5C7E146A6}.Release|Any CPU.Build.0 = Release|Any CPU
	EndGlobalSection
	GlobalSection(SolutionProperties) = preSolution
		HideSolutionNode = FALSE
	EndGlobalSection
	GlobalSection(ExtensibilityGlobals) = postSolution
		SolutionGuid = {C5EB676E-4602-447A-9D1E-850E66782CA2}
	EndGlobalSection
EndGlobal
