
Microsoft Visual Studio Solution File, Format Version 12.00
# Visual Studio Version 17
VisualStudioVersion = 17.14.37314.3 d17.14
MinimumVisualStudioVersion = 10.0.40219.1
Project("{FAE04EC0-301F-11D3-BF4B-00C04F79EFBC}") = "Presentation", "Presentation\Presentation.csproj", "{B862D352-D068-4B95-ABFB-98C8357D2FE8}"
EndProject
Project("{FAE04EC0-301F-11D3-BF4B-00C04F79EFBC}") = "Business", "Business\Business.csproj", "{239679B8-63EE-4885-B44E-B1E3FDA370A2}"
EndProject
Project("{FAE04EC0-301F-11D3-BF4B-00C04F79EFBC}") = "Data", "Data\Data.csproj", "{5BB95906-7C45-47E3-AC77-2D50DFD2C125}"
EndProject
Global
	GlobalSection(SolutionConfigurationPlatforms) = preSolution
		Debug|Any CPU = Debug|Any CPU
		Release|Any CPU = Release|Any CPU
	EndGlobalSection
	GlobalSection(ProjectConfigurationPlatforms) = postSolution
		{B862D352-D068-4B95-ABFB-98C8357D2FE8}.Debug|Any CPU.ActiveCfg = Debug|Any CPU
		{B862D352-D068-4B95-ABFB-98C8357D2FE8}.Debug|Any CPU.Build.0 = Debug|Any CPU
		{B862D352-D068-4B95-ABFB-98C8357D2FE8}.Release|Any CPU.ActiveCfg = Release|Any CPU
		{B862D352-D068-4B95-ABFB-98C8357D2FE8}.Release|Any CPU.Build.0 = Release|Any CPU
		{239679B8-63EE-4885-B44E-B1E3FDA370A2}.Debug|Any CPU.ActiveCfg = Debug|Any CPU
		{239679B8-63EE-4885-B44E-B1E3FDA370A2}.Debug|Any CPU.Build.0 = Debug|Any CPU
		{239679B8-63EE-4885-B44E-B1E3FDA370A2}.Release|Any CPU.ActiveCfg = Release|Any CPU
		{239679B8-63EE-4885-B44E-B1E3FDA370A2}.Release|Any CPU.Build.0 = Release|Any CPU
		{5BB95906-7C45-47E3-AC77-2D50DFD2C125}.Debug|Any CPU.ActiveCfg = Debug|Any CPU
		{5BB95906-7C45-47E3-AC77-2D50DFD2C125}.Debug|Any CPU.Build.0 = Debug|Any CPU
		{5BB95906-7C45-47E3-AC77-2D50DFD2C125}.Release|Any CPU.ActiveCfg = Release|Any CPU
		{5BB95906-7C45-47E3-AC77-2D50DFD2C125}.Release|Any CPU.Build.0 = Release|Any CPU
	EndGlobalSection
	GlobalSection(SolutionProperties) = preSolution
		HideSolutionNode = FALSE
	EndGlobalSection
	GlobalSection(ExtensibilityGlobals) = postSolution
		SolutionGuid = {8F46A3F4-56B1-4FEE-830F-C06BDFF15168}
	EndGlobalSection
EndGlobal
